
Microsoft Visual Studio Solution File, Format Version 12.00
# Visual Studio Version 17
VisualStudioVersion = 17.13.35818.85 d17.13
MinimumVisualStudioVersion = 10.0.40219.1
Project("{FAE04EC0-301F-11D3-BF4B-00C04F79EFBC}") = "SafeZone", "SafeZone.csproj", "{4D019494-5C04-4E89-B06E-C4ABD11A302C}"
EndProject
Global
	GlobalSection(SolutionConfigurationPlatforms) = preSolution
		Debug|Any CPU = Debug|Any CPU
		Release|Any CPU = Release|Any CPU
	EndGlobalSection
	GlobalSection(ProjectConfigurationPlatforms) = postSolution
		{4D019494-5C04-4E89-B06E-C4ABD11A302C}.Debug|Any CPU.ActiveCfg = Debug|Any CPU
		{4D019494-5C04-4E89-B06E-C4ABD11A302C}.Debug|Any CPU.Build.0 = Debug|Any CPU
		{4D019494-5C04-4E89-B06E-C4ABD11A302C}.Release|Any CPU.ActiveCfg = Release|Any CPU
		{4D019494-5C04-4E89-B06E-C4ABD11A302C}.Release|Any CPU.Build.0 = Release|Any CPU
	EndGlobalSection
	GlobalSection(SolutionProperties) = preSolution
		HideSolutionNode = FALSE
	EndGlobalSection
	GlobalSection(ExtensibilityGlobals) = postSolution
		SolutionGuid = {4DF4A514-AAC1-49E6-B824-055F931A8ACA}
	EndGlobalSection
EndGlobal
